
Microsoft Visual Studio Solution File, Format Version 12.00
# Visual Studio Version 16
VisualStudioVersion = 16.0.31402.337
MinimumVisualStudioVersion = 10.0.40219.1
Project("{2150E333-8FDC-42A3-9474-1A3956D46DE8}") = "B1", "B1", "{ECA9B94F-B3D6-431E-9671-E4DB5947E760}"
EndProject
Project("{2150E333-8FDC-42A3-9474-1A3956D46DE8}") = "B2", "B2", "{9752F5A5-D360-4427-B4FC-BE31CDFEC030}"
EndProject
Project("{2150E333-8FDC-42A3-9474-1A3956D46DE8}") = "B3", "B3", "{A6F394AD-8D09-4240-8247-D3CD4148EDE3}"
EndProject
Project("{2150E333-8FDC-42A3-9474-1A3956D46DE8}") = "B4", "B4", "{6B46D122-F5C4-4410-B7D3-54DA28D8B8BC}"
EndProject
Project("{FAE04EC0-301F-11D3-BF4B-00C04F79EFBC}") = "Exeptions", "Exeptions\Exeptions.csproj", "{F0DD0E49-6FA6-4B4E-A146-99BA02EF852A}"
EndProject
Project("{FAE04EC0-301F-11D3-BF4B-00C04F79EFBC}") = "Exeptions.Circle", "Exeptions.Circle\Exeptions.Circle.csproj", "{002362DF-E682-4D1D-B7EB-E7E22E9389C0}"
EndProject
Project("{FAE04EC0-301F-11D3-BF4B-00C04F79EFBC}") = "GeometricObjects", "..\M226A\GeometricObjects\GeometricObjects.csproj", "{B492ED10-754E-49DF-ABCD-A8659B1EEF5E}"
EndProject
Project("{FAE04EC0-301F-11D3-BF4B-00C04F79EFBC}") = "Geometrischen Figuren", "Geometrischen Figuren\Geometrischen Figuren.csproj", "{FA72610C-6F82-4077-AD5B-71BF47ABF038}"
EndProject
Project("{FAE04EC0-301F-11D3-BF4B-00C04F79EFBC}") = "Interface Comparable", "Interface Comparable\Interface Comparable.csproj", "{1A2E5B56-622B-4421-97BC-F8F7F712711F}"
EndProject
Project("{FAE04EC0-301F-11D3-BF4B-00C04F79EFBC}") = "Media", "Media\Media.csproj", "{382E651F-DC62-4604-A50E-FA87D9AB499C}"
EndProject
Project("{FAE04EC0-301F-11D3-BF4B-00C04F79EFBC}") = "Bankkonto", "Bankkonto\Bankkonto.csproj", "{D4A80116-D86E-437E-8FCE-E4E863751F9E}"
EndProject
Project("{FAE04EC0-301F-11D3-BF4B-00C04F79EFBC}") = "GeomFigures", "GeomFigures\GeomFigures.csproj", "{D9AEBD6F-BE39-4B5F-8B08-D5C82A77B17A}"
EndProject
Project("{FAE04EC0-301F-11D3-BF4B-00C04F79EFBC}") = "T2 Wiedeholung", "T2 Wiedeholung\T2 Wiedeholung.csproj", "{BC3D4A9E-B184-43BA-B2E8-C4CC598CDFDF}"
EndProject
Project("{FAE04EC0-301F-11D3-BF4B-00C04F79EFBC}") = "KontoKlassen", "..\..\..\Downloads\HausaufgbeBank (1)\KontoKlassen.csproj", "{DBD62BAA-C6C3-47F6-B617-113CBE997359}"
EndProject
Project("{2150E333-8FDC-42A3-9474-1A3956D46DE8}") = "T1 Nevin Perumpamkuzi", "T1 Nevin Perumpamkuzi", "{7AE12D30-4BA5-44C4-983C-5631E9084589}"
EndProject
Project("{FAE04EC0-301F-11D3-BF4B-00C04F79EFBC}") = "T1 ModulTest", "T1 ModulTest\T1 ModulTest.csproj", "{D46BF746-950B-4557-BA36-D17781956026}"
EndProject
Project("{FAE04EC0-301F-11D3-BF4B-00C04F79EFBC}") = "LochSequenzDiagramm", "LochSequenzDiagramm\LochSequenzDiagramm.csproj", "{D8BEDA89-AF74-4B0F-AA3E-C640B86581CA}"
EndProject
Project("{FAE04EC0-301F-11D3-BF4B-00C04F79EFBC}") = "Sitzt reservieren", "Sitzt reservieren\Sitzt reservieren.csproj", "{0FEF0129-EC49-460C-B7CB-693AF6F069AD}"
EndProject
Global
	GlobalSection(SolutionConfigurationPlatforms) = preSolution
		Debug|Any CPU = Debug|Any CPU
		Release|Any CPU = Release|Any CPU
	EndGlobalSection
	GlobalSection(ProjectConfigurationPlatforms) = postSolution
		{F0DD0E49-6FA6-4B4E-A146-99BA02EF852A}.Debug|Any CPU.ActiveCfg = Debug|Any CPU
		{F0DD0E49-6FA6-4B4E-A146-99BA02EF852A}.Debug|Any CPU.Build.0 = Debug|Any CPU
		{F0DD0E49-6FA6-4B4E-A146-99BA02EF852A}.Release|Any CPU.ActiveCfg = Release|Any CPU
		{F0DD0E49-6FA6-4B4E-A146-99BA02EF852A}.Release|Any CPU.Build.0 = Release|Any CPU
		{002362DF-E682-4D1D-B7EB-E7E22E9389C0}.Debug|Any CPU.ActiveCfg = Debug|Any CPU
		{002362DF-E682-4D1D-B7EB-E7E22E9389C0}.Debug|Any CPU.Build.0 = Debug|Any CPU
		{002362DF-E682-4D1D-B7EB-E7E22E9389C0}.Release|Any CPU.ActiveCfg = Release|Any CPU
		{002362DF-E682-4D1D-B7EB-E7E22E9389C0}.Release|Any CPU.Build.0 = Release|Any CPU
		{B492ED10-754E-49DF-ABCD-A8659B1EEF5E}.Debug|Any CPU.ActiveCfg = Debug|Any CPU
		{B492ED10-754E-49DF-ABCD-A8659B1EEF5E}.Debug|Any CPU.Build.0 = Debug|Any CPU
		{B492ED10-754E-49DF-ABCD-A8659B1EEF5E}.Release|Any CPU.ActiveCfg = Release|Any CPU
		{B492ED10-754E-49DF-ABCD-A8659B1EEF5E}.Release|Any CPU.Build.0 = Release|Any CPU
		{FA72610C-6F82-4077-AD5B-71BF47ABF038}.Debug|Any CPU.ActiveCfg = Debug|Any CPU
		{FA72610C-6F82-4077-AD5B-71BF47ABF038}.Debug|Any CPU.Build.0 = Debug|Any CPU
		{FA72610C-6F82-4077-AD5B-71BF47ABF038}.Release|Any CPU.ActiveCfg = Release|Any CPU
		{FA72610C-6F82-4077-AD5B-71BF47ABF038}.Release|Any CPU.Build.0 = Release|Any CPU
		{1A2E5B56-622B-4421-97BC-F8F7F712711F}.Debug|Any CPU.ActiveCfg = Debug|Any CPU
		{1A2E5B56-622B-4421-97BC-F8F7F712711F}.Debug|Any CPU.Build.0 = Debug|Any CPU
		{1A2E5B56-622B-4421-97BC-F8F7F712711F}.Release|Any CPU.ActiveCfg = Release|Any CPU
		{1A2E5B56-622B-4421-97BC-F8F7F712711F}.Release|Any CPU.Build.0 = Release|Any CPU
		{382E651F-DC62-4604-A50E-FA87D9AB499C}.Debug|Any CPU.ActiveCfg = Debug|Any CPU
		{382E651F-DC62-4604-A50E-FA87D9AB499C}.Debug|Any CPU.Build.0 = Debug|Any CPU
		{382E651F-DC62-4604-A50E-FA87D9AB499C}.Release|Any CPU.ActiveCfg = Release|Any CPU
		{382E651F-DC62-4604-A50E-FA87D9AB499C}.Release|Any CPU.Build.0 = Release|Any CPU
		{D4A80116-D86E-437E-8FCE-E4E863751F9E}.Debug|Any CPU.ActiveCfg = Debug|Any CPU
		{D4A80116-D86E-437E-8FCE-E4E863751F9E}.Debug|Any CPU.Build.0 = Debug|Any CPU
		{D4A80116-D86E-437E-8FCE-E4E863751F9E}.Release|Any CPU.ActiveCfg = Release|Any CPU
		{D4A80116-D86E-437E-8FCE-E4E863751F9E}.Release|Any CPU.Build.0 = Release|Any CPU
		{D9AEBD6F-BE39-4B5F-8B08-D5C82A77B17A}.Debug|Any CPU.ActiveCfg = Debug|Any CPU
		{D9AEBD6F-BE39-4B5F-8B08-D5C82A77B17A}.Debug|Any CPU.Build.0 = Debug|Any CPU
		{D9AEBD6F-BE39-4B5F-8B08-D5C82A77B17A}.Release|Any CPU.ActiveCfg = Release|Any CPU
		{D9AEBD6F-BE39-4B5F-8B08-D5C82A77B17A}.Release|Any CPU.Build.0 = Release|Any CPU
		{BC3D4A9E-B184-43BA-B2E8-C4CC598CDFDF}.Debug|Any CPU.ActiveCfg = Debug|Any CPU
		{BC3D4A9E-B184-43BA-B2E8-C4CC598CDFDF}.Debug|Any CPU.Build.0 = Debug|Any CPU
		{BC3D4A9E-B184-43BA-B2E8-C4CC598CDFDF}.Release|Any CPU.ActiveCfg = Release|Any CPU
		{BC3D4A9E-B184-43BA-B2E8-C4CC598CDFDF}.Release|Any CPU.Build.0 = Release|Any CPU
		{DBD62BAA-C6C3-47F6-B617-113CBE997359}.Debug|Any CPU.ActiveCfg = Debug|Any CPU
		{DBD62BAA-C6C3-47F6-B617-113CBE997359}.Debug|Any CPU.Build.0 = Debug|Any CPU
		{DBD62BAA-C6C3-47F6-B617-113CBE997359}.Release|Any CPU.ActiveCfg = Release|Any CPU
		{DBD62BAA-C6C3-47F6-B617-113CBE997359}.Release|Any CPU.Build.0 = Release|Any CPU
		{D46BF746-950B-4557-BA36-D17781956026}.Debug|Any CPU.ActiveCfg = Debug|Any CPU
		{D46BF746-950B-4557-BA36-D17781956026}.Debug|Any CPU.Build.0 = Debug|Any CPU
		{D46BF746-950B-4557-BA36-D17781956026}.Release|Any CPU.ActiveCfg = Release|Any CPU
		{D46BF746-950B-4557-BA36-D17781956026}.Release|Any CPU.Build.0 = Release|Any CPU
		{D8BEDA89-AF74-4B0F-AA3E-C640B86581CA}.Debug|Any CPU.ActiveCfg = Debug|Any CPU
		{D8BEDA89-AF74-4B0F-AA3E-C640B86581CA}.Debug|Any CPU.Build.0 = Debug|Any CPU
		{D8BEDA89-AF74-4B0F-AA3E-C640B86581CA}.Release|Any CPU.ActiveCfg = Release|Any CPU
		{D8BEDA89-AF74-4B0F-AA3E-C640B86581CA}.Release|Any CPU.Build.0 = Release|Any CPU
		{0FEF0129-EC49-460C-B7CB-693AF6F069AD}.Debug|Any CPU.ActiveCfg = Debug|Any CPU
		{0FEF0129-EC49-460C-B7CB-693AF6F069AD}.Debug|Any CPU.Build.0 = Debug|Any CPU
		{0FEF0129-EC49-460C-B7CB-693AF6F069AD}.Release|Any CPU.ActiveCfg = Release|Any CPU
		{0FEF0129-EC49-460C-B7CB-693AF6F069AD}.Release|Any CPU.Build.0 = Release|Any CPU
	EndGlobalSection
	GlobalSection(SolutionProperties) = preSolution
		HideSolutionNode = FALSE
	EndGlobalSection
	GlobalSection(NestedProjects) = preSolution
		{F0DD0E49-6FA6-4B4E-A146-99BA02EF852A} = {ECA9B94F-B3D6-431E-9671-E4DB5947E760}
		{002362DF-E682-4D1D-B7EB-E7E22E9389C0} = {ECA9B94F-B3D6-431E-9671-E4DB5947E760}
		{B492ED10-754E-49DF-ABCD-A8659B1EEF5E} = {ECA9B94F-B3D6-431E-9671-E4DB5947E760}
		{FA72610C-6F82-4077-AD5B-71BF47ABF038} = {ECA9B94F-B3D6-431E-9671-E4DB5947E760}
		{1A2E5B56-622B-4421-97BC-F8F7F712711F} = {ECA9B94F-B3D6-431E-9671-E4DB5947E760}
		{382E651F-DC62-4604-A50E-FA87D9AB499C} = {ECA9B94F-B3D6-431E-9671-E4DB5947E760}
		{D4A80116-D86E-437E-8FCE-E4E863751F9E} = {ECA9B94F-B3D6-431E-9671-E4DB5947E760}
		{D9AEBD6F-BE39-4B5F-8B08-D5C82A77B17A} = {ECA9B94F-B3D6-431E-9671-E4DB5947E760}
		{DBD62BAA-C6C3-47F6-B617-113CBE997359} = {ECA9B94F-B3D6-431E-9671-E4DB5947E760}
		{D46BF746-950B-4557-BA36-D17781956026} = {7AE12D30-4BA5-44C4-983C-5631E9084589}
		{D8BEDA89-AF74-4B0F-AA3E-C640B86581CA} = {9752F5A5-D360-4427-B4FC-BE31CDFEC030}
		{0FEF0129-EC49-460C-B7CB-693AF6F069AD} = {9752F5A5-D360-4427-B4FC-BE31CDFEC030}
	EndGlobalSection
	GlobalSection(ExtensibilityGlobals) = postSolution
		SolutionGuid = {FB5DCDE9-D529-454D-B5E8-2772E6C83365}
	EndGlobalSection
EndGlobal
